
Microsoft Visual Studio Solution File, Format Version 12.00
# Visual Studio Version 17
VisualStudioVersion = 17.9.34728.123
MinimumVisualStudioVersion = 10.0.40219.1
Project("{9A19103F-16F7-4668-BE54-9A1E7A4F7556}") = "PayOrgUser", "PayOrgUser.csproj", "{D7FA197E-9E0E-4BF6-B1FE-06B2A63E591A}"
EndProject
Global
	GlobalSection(SolutionConfigurationPlatforms) = preSolution
		Debug|Any CPU = Debug|Any CPU
		Release|Any CPU = Release|Any CPU
	EndGlobalSection
	GlobalSection(ProjectConfigurationPlatforms) = postSolution
		{D7FA197E-9E0E-4BF6-B1FE-06B2A63E591A}.Debug|Any CPU.ActiveCfg = Debug|Any CPU
		{D7FA197E-9E0E-4BF6-B1FE-06B2A63E591A}.Debug|Any CPU.Build.0 = Debug|Any CPU
		{D7FA197E-9E0E-4BF6-B1FE-06B2A63E591A}.Release|Any CPU.ActiveCfg = Release|Any CPU
		{D7FA197E-9E0E-4BF6-B1FE-06B2A63E591A}.Release|Any CPU.Build.0 = Release|Any CPU
	EndGlobalSection
	GlobalSection(SolutionProperties) = preSolution
		HideSolutionNode = FALSE
	EndGlobalSection
	GlobalSection(ExtensibilityGlobals) = postSolution
		SolutionGuid = {1A7EB194-BD36-4804-AC7D-A3FCCE79EC43}
	EndGlobalSection
EndGlobal
